// !$*UTF8*$!
{
	archiveVersion = 1;
	classes = {
	};
	objectVersion = 46;
	objects = {

/* Begin PBXGroup section */
		74E063C11D1D7DB300C0B56B = {
			isa = PBXGroup;
			children = (
			);
			sourceTree = "<group>";
		};
/* End PBXGroup section */

/* Begin PBXProject section */
		74E063C21D1D7DB300C0B56B /* Project object */ = {
			isa = PBXProject;
			attributes = {
				LastUpgradeCheck = 0800;
			};
			buildConfigurationList = 74E063C51D1D7DB300C0B56B /* Build configuration list for PBXProject "ViaSwiftUtils" */;
			compatibilityVersion = "Xcode 3.2";
			developmentRegion = English;
			hasScannedForEncodings = 0;
			knownRegions = (
				en,
			);
			mainGroup = 74E063C11D1D7DB300C0B56B;
			projectDirPath = "";
			projectRoot = "";
			targets = (
			);
		};
/* End PBXProject section */

/* Begin XCBuildConfiguration section */
		74E063C61D1D7DB300C0B56B /* Debug */ = {
			isa = XCBuildConfiguration;
			buildSettings = {
			};
			name = Debug;
		};
		74E063C71D1D7DB300C0B56B /* Release */ = {
			isa = XCBuildConfiguration;
			buildSettings = {
			};
			name = Release;
		};
/* End XCBuildConfiguration section */

/* Begin XCConfigurationList section */
		74E063C51D1D7DB300C0B56B /* Build configuration list for PBXProject "ViaSwiftUtils" */ = {
			isa = XCConfigurationList;
			buildConfigurations = (
				74E063C61D1D7DB300C0B56B /* Debug */,
				74E063C71D1D7DB300C0B56B /* Release */,
			);
			defaultConfigurationIsVisible = 0;
			defaultConfigurationName = Release;
		};
/* End XCConfigurationList section */
	};
	rootObject = 74E063C21D1D7DB300C0B56B /* Project object */;
}
